# This file is autogenerated, do not edit; changes may be undone by the next 'dep ensure'.


[[projects]]
  branch = "master"
  name = "github.com/hashicorp/go-cleanhttp"
  packages = ["."]
  revision = "d5fe4b57a186c716b0e00b8c301cbd9b4182694d"

[[projects]]
  name = "github.com/hashicorp/terraform"
  packages = ["helper/hashcode"]
  revision = "a6008b8a48a749c7c167453b9cf55ffd572b9a5d"
  version = "v0.11.2"

[[projects]]
  branch = "master"
  name = "github.com/motain/gocheck"
  packages = ["."]
  revision = "9beb271d26e640863a5bf4a3c5ea40ccdd466b84"

[[projects]]
  branch = "master"
  name = "github.com/pearkes/dnsimple"
  packages = ["testutil"]
  revision = "0adf7d0dae07ba10af74af1a047c98d3d02b3382"

[solve-meta]
  analyzer-name = "dep"
  analyzer-version = 1
  inputs-digest = "a8673db1ac92303ad6e14b7650cda1665816257f6443d9f973821502253acdc3"
  solver-name = "gps-cdcl"
  solver-version = 1
